
Microsoft Visual Studio Solution File, Format Version 12.00
# Visual Studio Version 16
VisualStudioVersion = 16.0.30907.101
MinimumVisualStudioVersion = 10.0.40219.1
Project("{FAE04EC0-301F-11D3-BF4B-00C04F79EFBC}") = "Task_1", "Task_1\Task_1.csproj", "{D86A8242-8D93-4863-A4D3-1657B282BC22}"
EndProject
Project("{FAE04EC0-301F-11D3-BF4B-00C04F79EFBC}") = "Task_2", "Task_2\Task_2.csproj", "{1615D29E-7EB4-473C-A164-DFAF860832D8}"
EndProject
Global
	GlobalSection(SolutionConfigurationPlatforms) = preSolution
		Debug|Any CPU = Debug|Any CPU
		Release|Any CPU = Release|Any CPU
	EndGlobalSection
	GlobalSection(ProjectConfigurationPlatforms) = postSolution
		{D86A8242-8D93-4863-A4D3-1657B282BC22}.Debug|Any CPU.ActiveCfg = Debug|Any CPU
		{D86A8242-8D93-4863-A4D3-1657B282BC22}.Debug|Any CPU.Build.0 = Debug|Any CPU
		{D86A8242-8D93-4863-A4D3-1657B282BC22}.Release|Any CPU.ActiveCfg = Release|Any CPU
		{D86A8242-8D93-4863-A4D3-1657B282BC22}.Release|Any CPU.Build.0 = Release|Any CPU
		{1615D29E-7EB4-473C-A164-DFAF860832D8}.Debug|Any CPU.ActiveCfg = Debug|Any CPU
		{1615D29E-7EB4-473C-A164-DFAF860832D8}.Debug|Any CPU.Build.0 = Debug|Any CPU
		{1615D29E-7EB4-473C-A164-DFAF860832D8}.Release|Any CPU.ActiveCfg = Release|Any CPU
		{1615D29E-7EB4-473C-A164-DFAF860832D8}.Release|Any CPU.Build.0 = Release|Any CPU
	EndGlobalSection
	GlobalSection(SolutionProperties) = preSolution
		HideSolutionNode = FALSE
	EndGlobalSection
	GlobalSection(ExtensibilityGlobals) = postSolution
		SolutionGuid = {E44490AF-9E9B-4D5D-84B6-ED3D784BFCF9}
	EndGlobalSection
EndGlobal
